// !$*UTF8*$!
{
	archiveVersion = 1;
	classes = {
	};
	objectVersion = 50;
	objects = {

/* Begin PBXBuildFile section */
		A08D7708227B93F90079437A /* AppDelegate.swift in Sources */ = {isa = PBXBuildFile; fileRef = A08D7707227B93F90079437A /* AppDelegate.swift */; };
		A08D770A227B93F90079437A /* ViewController.swift in Sources */ = {isa = PBXBuildFile; fileRef = A08D7709227B93F90079437A /* ViewController.swift */; };
		A08D770D227B93F90079437A /* Main.storyboard in Resources */ = {isa = PBXBuildFile; fileRef = A08D770B227B93F90079437A /* Main.storyboard */; };
		A08D7710227B93F90079437A /* _0.xcdatamodeld in Sources */ = {isa = PBXBuildFile; fileRef = A08D770E227B93F90079437A /* _0.xcdatamodeld */; };
		A08D7712227B93FA0079437A /* Assets.xcassets in Resources */ = {isa = PBXBuildFile; fileRef = A08D7711227B93FA0079437A /* Assets.xcassets */; };
		A08D7715227B93FA0079437A /* LaunchScreen.storyboard in Resources */ = {isa = PBXBuildFile; fileRef = A08D7713227B93FA0079437A /* LaunchScreen.storyboard */; };
		A08D7720227B93FA0079437A /* _0Tests.swift in Sources */ = {isa = PBXBuildFile; fileRef = A08D771F227B93FA0079437A /* _0Tests.swift */; };
		A08D772B227B93FA0079437A /* _0UITests.swift in Sources */ = {isa = PBXBuildFile; fileRef = A08D772A227B93FA0079437A /* _0UITests.swift */; };
/* End PBXBuildFile section */

/* Begin PBXContainerItemProxy section */
		A08D771C227B93FA0079437A /* PBXContainerItemProxy */ = {
			isa = PBXContainerItemProxy;
			containerPortal = A08D76FC227B93F90079437A /* Project object */;
			proxyType = 1;
			remoteGlobalIDString = A08D7703227B93F90079437A;
			remoteInfo = 10;
		};
		A08D7727227B93FA0079437A /* PBXContainerItemProxy */ = {
			isa = PBXContainerItemProxy;
			containerPortal = A08D76FC227B93F90079437A /* Project object */;
			proxyType = 1;
			remoteGlobalIDString = A08D7703227B93F90079437A;
			remoteInfo = 10;
		};
/* End PBXContainerItemProxy section */

/* Begin PBXFileReference section */
		A08D7704227B93F90079437A /* 10.app */ = {isa = PBXFileReference; explicitFileType = wrapper.application; includeInIndex = 0; path = 10.app; sourceTree = BUILT_PRODUCTS_DIR; };
		A08D7707227B93F90079437A /* AppDelegate.swift */ = {isa = PBXFileReference; lastKnownFileType = sourcecode.swift; path = AppDelegate.swift; sourceTree = "<group>"; };
		A08D7709227B93F90079437A /* ViewController.swift */ = {isa = PBXFileReference; lastKnownFileType = sourcecode.swift; path = ViewController.swift; sourceTree = "<group>"; };
		A08D770C227B93F90079437A /* Base */ = {isa = PBXFileReference; lastKnownFileType = file.storyboard; name = Base; path = Base.lproj/Main.storyboard; sourceTree = "<group>"; };
		A08D770F227B93F90079437A /* _0.xcdatamodel */ = {isa = PBXFileReference; lastKnownFileType = wrapper.xcdatamodel; path = _0.xcdatamodel; sourceTree = "<group>"; };
		A08D7711227B93FA0079437A /* Assets.xcassets */ = {isa = PBXFileReference; lastKnownFileType = folder.assetcatalog; path = Assets.xcassets; sourceTree = "<group>"; };
		A08D7714227B93FA0079437A /* Base */ = {isa = PBXFileReference; lastKnownFileType = file.storyboard; name = Base; path = Base.lproj/LaunchScreen.storyboard; sourceTree = "<group>"; };
		A08D7716227B93FA0079437A /* Info.plist */ = {isa = PBXFileReference; lastKnownFileType = text.plist.xml; path = Info.plist; sourceTree = "<group>"; };
		A08D771B227B93FA0079437A /* 10Tests.xctest */ = {isa = PBXFileReference; explicitFileType = wrapper.cfbundle; includeInIndex = 0; path = 10Tests.xctest; sourceTree = BUILT_PRODUCTS_DIR; };
		A08D771F227B93FA0079437A /* _0Tests.swift */ = {isa = PBXFileReference; lastKnownFileType = sourcecode.swift; path = _0Tests.swift; sourceTree = "<group>"; };
		A08D7721227B93FA0079437A /* Info.plist */ = {isa = PBXFileReference; lastKnownFileType = text.plist.xml; path = Info.plist; sourceTree = "<group>"; };
		A08D7726227B93FA0079437A /* 10UITests.xctest */ = {isa = PBXFileReference; explicitFileType = wrapper.cfbundle; includeInIndex = 0; path = 10UITests.xctest; sourceTree = BUILT_PRODUCTS_DIR; };
		A08D772A227B93FA0079437A /* _0UITests.swift */ = {isa = PBXFileReference; lastKnownFileType = sourcecode.swift; path = _0UITests.swift; sourceTree = "<group>"; };
		A08D772C227B93FA0079437A /* Info.plist */ = {isa = PBXFileReference; lastKnownFileType = text.plist.xml; path = Info.plist; sourceTree = "<group>"; };
/* End PBXFileReference section */

/* Begin PBXFrameworksBuildPhase section */
		A08D7701227B93F90079437A /* Frameworks */ = {
			isa = PBXFrameworksBuildPhase;
			buildActionMask = 2147483647;
			files = (
			);
			runOnlyForDeploymentPostprocessing = 0;
		};
		A08D7718227B93FA0079437A /* Frameworks */ = {
			isa = PBXFrameworksBuildPhase;
			buildActionMask = 2147483647;
			files = (
			);
			runOnlyForDeploymentPostprocessing = 0;
		};
		A08D7723227B93FA0079437A /* Frameworks */ = {
			isa = PBXFrameworksBuildPhase;
			buildActionMask = 2147483647;
			files = (
			);
			runOnlyForDeploymentPostprocessing = 0;
		};
/* End PBXFrameworksBuildPhase section */

/* Begin PBXGroup section */
		A08D76FB227B93F90079437A = {
			isa = PBXGroup;
			children = (
				A08D7706227B93F90079437A /* 10 */,
				A08D771E227B93FA0079437A /* 10Tests */,
				A08D7729227B93FA0079437A /* 10UITests */,
				A08D7705227B93F90079437A /* Products */,
			);
			sourceTree = "<group>";
		};
		A08D7705227B93F90079437A /* Products */ = {
			isa = PBXGroup;
			children = (
				A08D7704227B93F90079437A /* 10.app */,
				A08D771B227B93FA0079437A /* 10Tests.xctest */,
				A08D7726227B93FA0079437A /* 10UITests.xctest */,
			);
			name = Products;
			sourceTree = "<group>";
		};
		A08D7706227B93F90079437A /* 10 */ = {
			isa = PBXGroup;
			children = (
				A08D7707227B93F90079437A /* AppDelegate.swift */,
				A08D7709227B93F90079437A /* ViewController.swift */,
				A08D770B227B93F90079437A /* Main.storyboard */,
				A08D7711227B93FA0079437A /* Assets.xcassets */,
				A08D7713227B93FA0079437A /* LaunchScreen.storyboard */,
				A08D7716227B93FA0079437A /* Info.plist */,
				A08D770E227B93F90079437A /* _0.xcdatamodeld */,
			);
			path = 10;
			sourceTree = "<group>";
		};
		A08D771E227B93FA0079437A /* 10Tests */ = {
			isa = PBXGroup;
			children = (
				A08D771F227B93FA0079437A /* _0Tests.swift */,
				A08D7721227B93FA0079437A /* Info.plist */,
			);
			path = 10Tests;
			sourceTree = "<group>";
		};
		A08D7729227B93FA0079437A /* 10UITests */ = {
			isa = PBXGroup;
			children = (
				A08D772A227B93FA0079437A /* _0UITests.swift */,
				A08D772C227B93FA0079437A /* Info.plist */,
			);
			path = 10UITests;
			sourceTree = "<group>";
		};
/* End PBXGroup section */

/* Begin PBXNativeTarget section */
		A08D7703227B93F90079437A /* 10 */ = {
			isa = PBXNativeTarget;
			buildConfigurationList = A08D772F227B93FA0079437A /* Build configuration list for PBXNativeTarget "10" */;
			buildPhases = (
				A08D7700227B93F90079437A /* Sources */,
				A08D7701227B93F90079437A /* Frameworks */,
				A08D7702227B93F90079437A /* Resources */,
			);
			buildRules = (
			);
			dependencies = (
			);
			name = 10;
			productName = 10;
			productReference = A08D7704227B93F90079437A /* 10.app */;
			productType = "com.apple.product-type.application";
		};
		A08D771A227B93FA0079437A /* 10Tests */ = {
			isa = PBXNativeTarget;
			buildConfigurationList = A08D7732227B93FA0079437A /* Build configuration list for PBXNativeTarget "10Tests" */;
			buildPhases = (
				A08D7717227B93FA0079437A /* Sources */,
				A08D7718227B93FA0079437A /* Frameworks */,
				A08D7719227B93FA0079437A /* Resources */,
			);
			buildRules = (
			);
			dependencies = (
				A08D771D227B93FA0079437A /* PBXTargetDependency */,
			);
			name = 10Tests;
			productName = 10Tests;
			productReference = A08D771B227B93FA0079437A /* 10Tests.xctest */;
			productType = "com.apple.product-type.bundle.unit-test";
		};
		A08D7725227B93FA0079437A /* 10UITests */ = {
			isa = PBXNativeTarget;
			buildConfigurationList = A08D7735227B93FA0079437A /* Build configuration list for PBXNativeTarget "10UITests" */;
			buildPhases = (
				A08D7722227B93FA0079437A /* Sources */,
				A08D7723227B93FA0079437A /* Frameworks */,
				A08D7724227B93FA0079437A /* Resources */,
			);
			buildRules = (
			);
			dependencies = (
				A08D7728227B93FA0079437A /* PBXTargetDependency */,
			);
			name = 10UITests;
			productName = 10UITests;
			productReference = A08D7726227B93FA0079437A /* 10UITests.xctest */;
			productType = "com.apple.product-type.bundle.ui-testing";
		};
/* End PBXNativeTarget section */

/* Begin PBXProject section */
		A08D76FC227B93F90079437A /* Project object */ = {
			isa = PBXProject;
			attributes = {
				LastSwiftUpdateCheck = 1020;
				LastUpgradeCheck = 1020;
				ORGANIZATIONNAME = Zizlak;
				TargetAttributes = {
					A08D7703227B93F90079437A = {
						CreatedOnToolsVersion = 10.2;
					};
					A08D771A227B93FA0079437A = {
						CreatedOnToolsVersion = 10.2;
						TestTargetID = A08D7703227B93F90079437A;
					};
					A08D7725227B93FA0079437A = {
						CreatedOnToolsVersion = 10.2;
						TestTargetID = A08D7703227B93F90079437A;
					};
				};
			};
			buildConfigurationList = A08D76FF227B93F90079437A /* Build configuration list for PBXProject "11" */;
			compatibilityVersion = "Xcode 9.3";
			developmentRegion = en;
			hasScannedForEncodings = 0;
			knownRegions = (
				en,
				Base,
			);
			mainGroup = A08D76FB227B93F90079437A;
			productRefGroup = A08D7705227B93F90079437A /* Products */;
			projectDirPath = "";
			projectRoot = "";
			targets = (
				A08D7703227B93F90079437A /* 10 */,
				A08D771A227B93FA0079437A /* 10Tests */,
				A08D7725227B93FA0079437A /* 10UITests */,
			);
		};
/* End PBXProject section */

/* Begin PBXResourcesBuildPhase section */
		A08D7702227B93F90079437A /* Resources */ = {
			isa = PBXResourcesBuildPhase;
			buildActionMask = 2147483647;
			files = (
				A08D7715227B93FA0079437A /* LaunchScreen.storyboard in Resources */,
				A08D7712227B93FA0079437A /* Assets.xcassets in Resources */,
				A08D770D227B93F90079437A /* Main.storyboard in Resources */,
			);
			runOnlyForDeploymentPostprocessing = 0;
		};
		A08D7719227B93FA0079437A /* Resources */ = {
			isa = PBXResourcesBuildPhase;
			buildActionMask = 2147483647;
			files = (
			);
			runOnlyForDeploymentPostprocessing = 0;
		};
		A08D7724227B93FA0079437A /* Resources */ = {
			isa = PBXResourcesBuildPhase;
			buildActionMask = 2147483647;
			files = (
			);
			runOnlyForDeploymentPostprocessing = 0;
		};
/* End PBXResourcesBuildPhase section */

/* Begin PBXSourcesBuildPhase section */
		A08D7700227B93F90079437A /* Sources */ = {
			isa = PBXSourcesBuildPhase;
			buildActionMask = 2147483647;
			files = (
				A08D7710227B93F90079437A /* _0.xcdatamodeld in Sources */,
				A08D770A227B93F90079437A /* ViewController.swift in Sources */,
				A08D7708227B93F90079437A /* AppDelegate.swift in Sources */,
			);
			runOnlyForDeploymentPostprocessing = 0;
		};
		A08D7717227B93FA0079437A /* Sources */ = {
			isa = PBXSourcesBuildPhase;
			buildActionMask = 2147483647;
			files = (
				A08D7720227B93FA0079437A /* _0Tests.swift in Sources */,
			);
			runOnlyForDeploymentPostprocessing = 0;
		};
		A08D7722227B93FA0079437A /* Sources */ = {
			isa = PBXSourcesBuildPhase;
			buildActionMask = 2147483647;
			files = (
				A08D772B227B93FA0079437A /* _0UITests.swift in Sources */,
			);
			runOnlyForDeploymentPostprocessing = 0;
		};
/* End PBXSourcesBuildPhase section */

/* Begin PBXTargetDependency section */
		A08D771D227B93FA0079437A /* PBXTargetDependency */ = {
			isa = PBXTargetDependency;
			target = A08D7703227B93F90079437A /* 10 */;
			targetProxy = A08D771C227B93FA0079437A /* PBXContainerItemProxy */;
		};
		A08D7728227B93FA0079437A /* PBXTargetDependency */ = {
			isa = PBXTargetDependency;
			target = A08D7703227B93F90079437A /* 10 */;
			targetProxy = A08D7727227B93FA0079437A /* PBXContainerItemProxy */;
		};
/* End PBXTargetDependency section */

/* Begin PBXVariantGroup section */
		A08D770B227B93F90079437A /* Main.storyboard */ = {
			isa = PBXVariantGroup;
			children = (
				A08D770C227B93F90079437A /* Base */,
			);
			name = Main.storyboard;
			sourceTree = "<group>";
		};
		A08D7713227B93FA0079437A /* LaunchScreen.storyboard */ = {
			isa = PBXVariantGroup;
			children = (
				A08D7714227B93FA0079437A /* Base */,
			);
			name = LaunchScreen.storyboard;
			sourceTree = "<group>";
		};
/* End PBXVariantGroup section */

/* Begin XCBuildConfiguration section */
		A08D772D227B93FA0079437A /* Debug */ = {
			isa = XCBuildConfiguration;
			buildSettings = {
				ALWAYS_SEARCH_USER_PATHS = NO;
				CLANG_ANALYZER_NONNULL = YES;
				CLANG_ANALYZER_NUMBER_OBJECT_CONVERSION = YES_AGGRESSIVE;
				CLANG_CXX_LANGUAGE_STANDARD = "gnu++14";
				CLANG_CXX_LIBRARY = "libc++";
				CLANG_ENABLE_MODULES = YES;
				CLANG_ENABLE_OBJC_ARC = YES;
				CLANG_ENABLE_OBJC_WEAK = YES;
				CLANG_WARN_BLOCK_CAPTURE_AUTORELEASING = YES;
				CLANG_WARN_BOOL_CONVERSION = YES;
				CLANG_WARN_COMMA = YES;
				CLANG_WARN_CONSTANT_CONVERSION = YES;
				CLANG_WARN_DEPRECATED_OBJC_IMPLEMENTATIONS = YES;
				CLANG_WARN_DIRECT_OBJC_ISA_USAGE = YES_ERROR;
				CLANG_WARN_DOCUMENTATION_COMMENTS = YES;
				CLANG_WARN_EMPTY_BODY = YES;
				CLANG_WARN_ENUM_CONVERSION = YES;
				CLANG_WARN_INFINITE_RECURSION = YES;
				CLANG_WARN_INT_CONVERSION = YES;
				CLANG_WARN_NON_LITERAL_NULL_CONVERSION = YES;
				CLANG_WARN_OBJC_IMPLICIT_RETAIN_SELF = YES;
				CLANG_WARN_OBJC_LITERAL_CONVERSION = YES;
				CLANG_WARN_OBJC_ROOT_CLASS = YES_ERROR;
				CLANG_WARN_RANGE_LOOP_ANALYSIS = YES;
				CLANG_WARN_STRICT_PROTOTYPES = YES;
				CLANG_WARN_SUSPICIOUS_MOVE = YES;
				CLANG_WARN_UNGUARDED_AVAILABILITY = YES_AGGRESSIVE;
				CLANG_WARN_UNREACHABLE_CODE = YES;
				CLANG_WARN__DUPLICATE_METHOD_MATCH = YES;
				CODE_SIGN_IDENTITY = "iPhone Developer";
				COPY_PHASE_STRIP = NO;
				DEBUG_INFORMATION_FORMAT = dwarf;
				ENABLE_STRICT_OBJC_MSGSEND = YES;
				ENABLE_TESTABILITY = YES;
				GCC_C_LANGUAGE_STANDARD = gnu11;
				GCC_DYNAMIC_NO_PIC = NO;
				GCC_NO_COMMON_BLOCKS = YES;
				GCC_OPTIMIZATION_LEVEL = 0;
				GCC_PREPROCESSOR_DEFINITIONS = (
					"DEBUG=1",
					"$(inherited)",
				);
				GCC_WARN_64_TO_32_BIT_CONVERSION = YES;
				GCC_WARN_ABOUT_RETURN_TYPE = YES_ERROR;
				GCC_WARN_UNDECLARED_SELECTOR = YES;
				GCC_WARN_UNINITIALIZED_AUTOS = YES_AGGRESSIVE;
				GCC_WARN_UNUSED_FUNCTION = YES;
				GCC_WARN_UNUSED_VARIABLE = YES;
				IPHONEOS_DEPLOYMENT_TARGET = 12.2;
				MTL_ENABLE_DEBUG_INFO = INCLUDE_SOURCE;
				MTL_FAST_MATH = YES;
				ONLY_ACTIVE_ARCH = YES;
				SDKROOT = iphoneos;
				SWIFT_ACTIVE_COMPILATION_CONDITIONS = DEBUG;
				SWIFT_OPTIMIZATION_LEVEL = "-Onone";
			};
			name = Debug;
		};
		A08D772E227B93FA0079437A /* Release */ = {
			isa = XCBuildConfiguration;
			buildSettings = {
				ALWAYS_SEARCH_USER_PATHS = NO;
				CLANG_ANALYZER_NONNULL = YES;
				CLANG_ANALYZER_NUMBER_OBJECT_CONVERSION = YES_AGGRESSIVE;
				CLANG_CXX_LANGUAGE_STANDARD = "gnu++14";
				CLANG_CXX_LIBRARY = "libc++";
				CLANG_ENABLE_MODULES = YES;
				CLANG_ENABLE_OBJC_ARC = YES;
				CLANG_ENABLE_OBJC_WEAK = YES;
				CLANG_WARN_BLOCK_CAPTURE_AUTORELEASING = YES;
				CLANG_WARN_BOOL_CONVERSION = YES;
				CLANG_WARN_COMMA = YES;
				CLANG_WARN_CONSTANT_CONVERSION = YES;
				CLANG_WARN_DEPRECATED_OBJC_IMPLEMENTATIONS = YES;
				CLANG_WARN_DIRECT_OBJC_ISA_USAGE = YES_ERROR;
				CLANG_WARN_DOCUMENTATION_COMMENTS = YES;
				CLANG_WARN_EMPTY_BODY = YES;
				CLANG_WARN_ENUM_CONVERSION = YES;
				CLANG_WARN_INFINITE_RECURSION = YES;
				CLANG_WARN_INT_CONVERSION = YES;
				CLANG_WARN_NON_LITERAL_NULL_CONVERSION = YES;
				CLANG_WARN_OBJC_IMPLICIT_RETAIN_SELF = YES;
				CLANG_WARN_OBJC_LITERAL_CONVERSION = YES;
				CLANG_WARN_OBJC_ROOT_CLASS = YES_ERROR;
				CLANG_WARN_RANGE_LOOP_ANALYSIS = YES;
				CLANG_WARN_STRICT_PROTOTYPES = YES;
				CLANG_WARN_SUSPICIOUS_MOVE = YES;
				CLANG_WARN_UNGUARDED_AVAILABILITY = YES_AGGRESSIVE;
				CLANG_WARN_UNREACHABLE_CODE = YES;
				CLANG_WARN__DUPLICATE_METHOD_MATCH = YES;
				CODE_SIGN_IDENTITY = "iPhone Developer";
				COPY_PHASE_STRIP = NO;
				DEBUG_INFORMATION_FORMAT = "dwarf-with-dsym";
				ENABLE_NS_ASSERTIONS = NO;
				ENABLE_STRICT_OBJC_MSGSEND = YES;
				GCC_C_LANGUAGE_STANDARD = gnu11;
				GCC_NO_COMMON_BLOCKS = YES;
				GCC_WARN_64_TO_32_BIT_CONVERSION = YES;
				GCC_WARN_ABOUT_RETURN_TYPE = YES_ERROR;
				GCC_WARN_UNDECLARED_SELECTOR = YES;
				GCC_WARN_UNINITIALIZED_AUTOS = YES_AGGRESSIVE;
				GCC_WARN_UNUSED_FUNCTION = YES;
				GCC_WARN_UNUSED_VARIABLE = YES;
				IPHONEOS_DEPLOYMENT_TARGET = 12.2;
				MTL_ENABLE_DEBUG_INFO = NO;
				MTL_FAST_MATH = YES;
				SDKROOT = iphoneos;
				SWIFT_COMPILATION_MODE = wholemodule;
				SWIFT_OPTIMIZATION_LEVEL = "-O";
				VALIDATE_PRODUCT = YES;
			};
			name = Release;
		};
		A08D7730227B93FA0079437A /* Debug */ = {
			isa = XCBuildConfiguration;
			buildSettings = {
				ASSETCATALOG_COMPILER_APPICON_NAME = AppIcon;
				CODE_SIGN_STYLE = Automatic;
				DEVELOPMENT_TEAM = 2SFU59SCCX;
				INFOPLIST_FILE = 10/Info.plist;
				LD_RUNPATH_SEARCH_PATHS = (
					"$(inherited)",
					"@executable_path/Frameworks",
				);
				PRODUCT_BUNDLE_IDENTIFIER = "com.zizlak.-0";
				PRODUCT_NAME = "$(TARGET_NAME)";
				SWIFT_VERSION = 5.0;
				TARGETED_DEVICE_FAMILY = "1,2";
			};
			name = Debug;
		};
		A08D7731227B93FA0079437A /* Release */ = {
			isa = XCBuildConfiguration;
			buildSettings = {
				ASSETCATALOG_COMPILER_APPICON_NAME = AppIcon;
				CODE_SIGN_STYLE = Automatic;
				DEVELOPMENT_TEAM = 2SFU59SCCX;
				INFOPLIST_FILE = 10/Info.plist;
				LD_RUNPATH_SEARCH_PATHS = (
					"$(inherited)",
					"@executable_path/Frameworks",
				);
				PRODUCT_BUNDLE_IDENTIFIER = "com.zizlak.-0";
				PRODUCT_NAME = "$(TARGET_NAME)";
				SWIFT_VERSION = 5.0;
				TARGETED_DEVICE_FAMILY = "1,2";
			};
			name = Release;
		};
		A08D7733227B93FA0079437A /* Debug */ = {
			isa = XCBuildConfiguration;
			buildSettings = {
				ALWAYS_EMBED_SWIFT_STANDARD_LIBRARIES = YES;
				BUNDLE_LOADER = "$(TEST_HOST)";
				CODE_SIGN_STYLE = Automatic;
				INFOPLIST_FILE = 10Tests/Info.plist;
				LD_RUNPATH_SEARCH_PATHS = (
					"$(inherited)",
					"@executable_path/Frameworks",
					"@loader_path/Frameworks",
				);
				PRODUCT_BUNDLE_IDENTIFIER = "com.zizlak.-0Tests";
				PRODUCT_NAME = "$(TARGET_NAME)";
				SWIFT_VERSION = 5.0;
				TARGETED_DEVICE_FAMILY = "1,2";
				TEST_HOST = "$(BUILT_PRODUCTS_DIR)/10.app/10";
			};
			name = Debug;
		};
		A08D7734227B93FA0079437A /* Release */ = {
			isa = XCBuildConfiguration;
			buildSettings = {
				ALWAYS_EMBED_SWIFT_STANDARD_LIBRARIES = YES;
				BUNDLE_LOADER = "$(TEST_HOST)";
				CODE_SIGN_STYLE = Automatic;
				INFOPLIST_FILE = 10Tests/Info.plist;
				LD_RUNPATH_SEARCH_PATHS = (
					"$(inherited)",
					"@executable_path/Frameworks",
					"@loader_path/Frameworks",
				);
				PRODUCT_BUNDLE_IDENTIFIER = "com.zizlak.-0Tests";
				PRODUCT_NAME = "$(TARGET_NAME)";
				SWIFT_VERSION = 5.0;
				TARGETED_DEVICE_FAMILY = "1,2";
				TEST_HOST = "$(BUILT_PRODUCTS_DIR)/10.app/10";
			};
			name = Release;
		};
		A08D7736227B93FA0079437A /* Debug */ = {
			isa = XCBuildConfiguration;
			buildSettings = {
				ALWAYS_EMBED_SWIFT_STANDARD_LIBRARIES = YES;
				CODE_SIGN_STYLE = Automatic;
				INFOPLIST_FILE = 10UITests/Info.plist;
				LD_RUNPATH_SEARCH_PATHS = (
					"$(inherited)",
					"@executable_path/Frameworks",
					"@loader_path/Frameworks",
				);
				PRODUCT_BUNDLE_IDENTIFIER = "com.zizlak.-0UITests";
				PRODUCT_NAME = "$(TARGET_NAME)";
				SWIFT_VERSION = 5.0;
				TARGETED_DEVICE_FAMILY = "1,2";
				TEST_TARGET_NAME = 10;
			};
			name = Debug;
		};
		A08D7737227B93FA0079437A /* Release */ = {
			isa = XCBuildConfiguration;
			buildSettings = {
				ALWAYS_EMBED_SWIFT_STANDARD_LIBRARIES = YES;
				CODE_SIGN_STYLE = Automatic;
				INFOPLIST_FILE = 10UITests/Info.plist;
				LD_RUNPATH_SEARCH_PATHS = (
					"$(inherited)",
					"@executable_path/Frameworks",
					"@loader_path/Frameworks",
				);
				PRODUCT_BUNDLE_IDENTIFIER = "com.zizlak.-0UITests";
				PRODUCT_NAME = "$(TARGET_NAME)";
				SWIFT_VERSION = 5.0;
				TARGETED_DEVICE_FAMILY = "1,2";
				TEST_TARGET_NAME = 10;
			};
			name = Release;
		};
/* End XCBuildConfiguration section */

/* Begin XCConfigurationList section */
		A08D76FF227B93F90079437A /* Build configuration list for PBXProject "11" */ = {
			isa = XCConfigurationList;
			buildConfigurations = (
				A08D772D227B93FA0079437A /* Debug */,
				A08D772E227B93FA0079437A /* Release */,
			);
			defaultConfigurationIsVisible = 0;
			defaultConfigurationName = Release;
		};
		A08D772F227B93FA0079437A /* Build configuration list for PBXNativeTarget "10" */ = {
			isa = XCConfigurationList;
			buildConfigurations = (
				A08D7730227B93FA0079437A /* Debug */,
				A08D7731227B93FA0079437A /* Release */,
			);
			defaultConfigurationIsVisible = 0;
			defaultConfigurationName = Release;
		};
		A08D7732227B93FA0079437A /* Build configuration list for PBXNativeTarget "10Tests" */ = {
			isa = XCConfigurationList;
			buildConfigurations = (
				A08D7733227B93FA0079437A /* Debug */,
				A08D7734227B93FA0079437A /* Release */,
			);
			defaultConfigurationIsVisible = 0;
			defaultConfigurationName = Release;
		};
		A08D7735227B93FA0079437A /* Build configuration list for PBXNativeTarget "10UITests" */ = {
			isa = XCConfigurationList;
			buildConfigurations = (
				A08D7736227B93FA0079437A /* Debug */,
				A08D7737227B93FA0079437A /* Release */,
			);
			defaultConfigurationIsVisible = 0;
			defaultConfigurationName = Release;
		};
/* End XCConfigurationList section */

/* Begin XCVersionGroup section */
		A08D770E227B93F90079437A /* _0.xcdatamodeld */ = {
			isa = XCVersionGroup;
			children = (
				A08D770F227B93F90079437A /* _0.xcdatamodel */,
			);
			currentVersion = A08D770F227B93F90079437A /* _0.xcdatamodel */;
			path = _0.xcdatamodeld;
			sourceTree = "<group>";
			versionGroupType = wrapper.xcdatamodel;
		};
/* End XCVersionGroup section */
	};
	rootObject = A08D76FC227B93F90079437A /* Project object */;
}
